{
  "name": "mvsnode",
  "version": "1.0.0",
  "lockfileVersion": 1,
  "requires": true,
  "dependencies": {
    "@babel/runtime": {
      "version": "7.2.0",
      "resolved": "https://gizaartifactory.jfrog.io/gizaartifactory/api/npm/npm-release/@babel/runtime/-/runtime-7.2.0.tgz",
      "integrity": "sha1-sD5C7t31iY4AZG5MhA+ge6jcrX8=",
      "requires": {
        "regenerator-runtime": "^0.12.0"
      },
      "dependencies": {
        "regenerator-runtime": {
          "version": "0.12.1",
          "resolved": "https://gizaartifactory.jfrog.io/gizaartifactory/api/npm/npm-release/regenerator-runtime/-/regenerator-runtime-0.12.1.tgz",
          "integrity": "sha1-+hpxVEdkwDb4xJsToIsllMn4oN4="
        }
      }
    },
    "accepts": {
      "version": "1.3.5",
      "resolved": "https://gizaartifactory.jfrog.io/gizaartifactory/api/npm/npm-release/accepts/-/accepts-1.3.5.tgz",
      "integrity": "sha1-63d99gEXI6OxTopywIBcjoZ0a9I=",
      "requires": {
        "mime-types": "~2.1.18",
        "negotiator": "0.6.1"
      }
    },
    "array-flatten": {
      "version": "1.1.1",
      "resolved": "https://gizaartifactory.jfrog.io/gizaartifactory/api/npm/npm-release/array-flatten/-/array-flatten-1.1.1.tgz",
      "integrity": "sha1-ml9pkFGx5wczKPKgCJaLZOopVdI="
    },
    "asap": {
      "version": "2.0.6",
      "resolved": "https://gizaartifactory.jfrog.io/gizaartifactory/api/npm/npm-release/asap/-/asap-2.0.6.tgz",
      "integrity": "sha1-5QNHYR1+aQlDIIu9r+vLwvuGbUY="
    },
    "babel-polyfill": {
      "version": "6.26.0",
      "resolved": "https://gizaartifactory.jfrog.io/gizaartifactory/api/npm/npm-release/babel-polyfill/-/babel-polyfill-6.26.0.tgz",
      "integrity": "sha1-N5k3q8Z9eJWXCtxiHyhM2WbPIVM=",
      "requires": {
        "babel-runtime": "^6.26.0",
        "core-js": "^2.5.0",
        "regenerator-runtime": "^0.10.5"
      }
    },
    "babel-runtime": {
      "version": "6.26.0",
      "resolved": "https://gizaartifactory.jfrog.io/gizaartifactory/api/npm/npm-release/babel-runtime/-/babel-runtime-6.26.0.tgz",
      "integrity": "sha1-llxwWGaOgrVde/4E/yM3vItWR/4=",
      "requires": {
        "core-js": "^2.4.0",
        "regenerator-runtime": "^0.11.0"
      },
      "dependencies": {
        "regenerator-runtime": {
          "version": "0.11.1",
          "resolved": "https://gizaartifactory.jfrog.io/gizaartifactory/api/npm/npm-release/regenerator-runtime/-/regenerator-runtime-0.11.1.tgz",
          "integrity": "sha1-vgWtf5v30i4Fb5cmzuUBf78Z4uk="
        }
      }
    },
    "big.js": {
      "version": "3.2.0",
      "resolved": "https://gizaartifactory.jfrog.io/gizaartifactory/api/npm/npm-release/big.js/-/big.js-3.2.0.tgz",
      "integrity": "sha1-pfwpi4G54Nyi5FiCR4S2XFK6WI4="
    },
    "body-parser": {
      "version": "1.18.3",
      "resolved": "https://gizaartifactory.jfrog.io/gizaartifactory/api/npm/npm-release/body-parser/-/body-parser-1.18.3.tgz",
      "integrity": "sha1-WykhmP/dVTs6DyDe0FkrlWlVyLQ=",
      "requires": {
        "bytes": "3.0.0",
        "content-type": "~1.0.4",
        "debug": "2.6.9",
        "depd": "~1.1.2",
        "http-errors": "~1.6.3",
        "iconv-lite": "0.4.23",
        "on-finished": "~2.3.0",
        "qs": "6.5.2",
        "raw-body": "2.3.3",
        "type-is": "~1.6.16"
      }
    },
    "bowser": {
      "version": "1.9.4",
      "resolved": "https://gizaartifactory.jfrog.io/gizaartifactory/api/npm/npm-release/bowser/-/bowser-1.9.4.tgz",
      "integrity": "sha1-iQxYooE6nTJDcEM0+oG5alwVDJo="
    },
    "bytes": {
      "version": "3.0.0",
      "resolved": "https://gizaartifactory.jfrog.io/gizaartifactory/api/npm/npm-release/bytes/-/bytes-3.0.0.tgz",
      "integrity": "sha1-0ygVQE1olpn4Wk6k+odV3ROpYEg="
    },
    "chain-function": {
      "version": "1.0.1",
      "resolved": "https://gizaartifactory.jfrog.io/gizaartifactory/api/npm/npm-release/chain-function/-/chain-function-1.0.1.tgz",
      "integrity": "sha1-xjBF5bS2Y/uG8cbhhq2vHeQCocw="
    },
    "change-emitter": {
      "version": "0.1.6",
      "resolved": "https://gizaartifactory.jfrog.io/gizaartifactory/api/npm/npm-release/change-emitter/-/change-emitter-0.1.6.tgz",
      "integrity": "sha1-6LL+PX8at9aaMhma/5HqaTFAlRU="
    },
    "classnames": {
      "version": "2.2.6",
      "resolved": "https://gizaartifactory.jfrog.io/gizaartifactory/api/npm/npm-release/classnames/-/classnames-2.2.6.tgz",
      "integrity": "sha1-Q5Nb/90pHzJtrQogUwmzjQD2UM4="
    },
    "content-disposition": {
      "version": "0.5.2",
      "resolved": "https://gizaartifactory.jfrog.io/gizaartifactory/api/npm/npm-release/content-disposition/-/content-disposition-0.5.2.tgz",
      "integrity": "sha1-DPaLud318r55YcOoUXjLhdunjLQ="
    },
    "content-type": {
      "version": "1.0.4",
      "resolved": "https://gizaartifactory.jfrog.io/gizaartifactory/api/npm/npm-release/content-type/-/content-type-1.0.4.tgz",
      "integrity": "sha1-4TjMdeBAxyexlm/l5fjJruJW/js="
    },
    "cookie": {
      "version": "0.3.1",
      "resolved": "https://gizaartifactory.jfrog.io/gizaartifactory/api/npm/npm-release/cookie/-/cookie-0.3.1.tgz",
      "integrity": "sha1-5+Ch+e9DtMi6klxcWpboBtFoc7s="
    },
    "cookie-signature": {
      "version": "1.0.6",
      "resolved": "https://gizaartifactory.jfrog.io/gizaartifactory/api/npm/npm-release/cookie-signature/-/cookie-signature-1.0.6.tgz",
      "integrity": "sha1-4wOogrNCzD7oylE6eZmXNNqzriw="
    },
    "core-js": {
      "version": "2.6.0",
      "resolved": "https://gizaartifactory.jfrog.io/gizaartifactory/api/npm/npm-release/core-js/-/core-js-2.6.0.tgz",
      "integrity": "sha1-HjB5Pp7leCswfjf/oi2g6s3dhNQ="
    },
    "create-react-class": {
      "version": "15.6.3",
      "resolved": "https://gizaartifactory.jfrog.io/gizaartifactory/api/npm/npm-release/create-react-class/-/create-react-class-15.6.3.tgz",
      "integrity": "sha1-LXMjf7P5cK5uvgEanmb0bbyoADY=",
      "requires": {
        "fbjs": "^0.8.9",
        "loose-envify": "^1.3.1",
        "object-assign": "^4.1.1"
      }
    },
    "css-in-js-utils": {
      "version": "2.0.1",
      "resolved": "https://gizaartifactory.jfrog.io/gizaartifactory/api/npm/npm-release/css-in-js-utils/-/css-in-js-utils-2.0.1.tgz",
      "integrity": "sha1-O0crOYeHKRtHz+PkT+z92ekUupk=",
      "requires": {
        "hyphenate-style-name": "^1.0.2",
        "isobject": "^3.0.1"
      }
    },
    "debug": {
      "version": "2.6.9",
      "resolved": "https://gizaartifactory.jfrog.io/gizaartifactory/api/npm/npm-release/debug/-/debug-2.6.9.tgz",
      "integrity": "sha1-XRKFFd8TT/Mn6QpMk/Tgd6U2NB8=",
      "requires": {
        "ms": "2.0.0"
      }
    },
    "deep-diff": {
      "version": "0.3.8",
      "resolved": "https://gizaartifactory.jfrog.io/gizaartifactory/api/npm/npm-release/deep-diff/-/deep-diff-0.3.8.tgz",
      "integrity": "sha1-wB3mPvsO7JeYgB1Ax+Da4ltYLIQ="
    },
    "depd": {
      "version": "1.1.2",
      "resolved": "https://gizaartifactory.jfrog.io/gizaartifactory/api/npm/npm-release/depd/-/depd-1.1.2.tgz",
      "integrity": "sha1-m81S4UwJd2PnSbJ0xDRu0uVgtak="
    },
    "destroy": {
      "version": "1.0.4",
      "resolved": "https://gizaartifactory.jfrog.io/gizaartifactory/api/npm/npm-release/destroy/-/destroy-1.0.4.tgz",
      "integrity": "sha1-l4hXRCxEdJ5CBmE+N5RiBYJqvYA="
    },
    "dom-helpers": {
      "version": "3.4.0",
      "resolved": "https://gizaartifactory.jfrog.io/gizaartifactory/api/npm/npm-release/dom-helpers/-/dom-helpers-3.4.0.tgz",
      "integrity": "sha1-6bNpcA+Vn2Ls3lprq95LzNkWmvg=",
      "requires": {
        "@babel/runtime": "^7.1.2"
      }
    },
    "dom-serializer": {
      "version": "0.1.0",
      "resolved": "https://gizaartifactory.jfrog.io/gizaartifactory/api/npm/npm-release/dom-serializer/-/dom-serializer-0.1.0.tgz",
      "integrity": "sha1-BzxpdUbOB4DOI75KKOKT5AvDDII=",
      "requires": {
        "domelementtype": "~1.1.1",
        "entities": "~1.1.1"
      },
      "dependencies": {
        "domelementtype": {
          "version": "1.1.3",
          "resolved": "https://gizaartifactory.jfrog.io/gizaartifactory/api/npm/npm-release/domelementtype/-/domelementtype-1.1.3.tgz",
          "integrity": "sha1-vSh3PiZCiBrsUVRJJCmcXNgiGFs="
        }
      }
    },
    "domelementtype": {
      "version": "1.3.1",
      "resolved": "https://gizaartifactory.jfrog.io/gizaartifactory/api/npm/npm-release/domelementtype/-/domelementtype-1.3.1.tgz",
      "integrity": "sha1-0EjESzew0Qp/Kj1f7j9DM9eQSB8="
    },
    "domhandler": {
      "version": "2.4.2",
      "resolved": "https://gizaartifactory.jfrog.io/gizaartifactory/api/npm/npm-release/domhandler/-/domhandler-2.4.2.tgz",
      "integrity": "sha1-iAUJfpM9ZehVRvcm1g9euItE+AM=",
      "requires": {
        "domelementtype": "1"
      }
    },
    "domutils": {
      "version": "1.7.0",
      "resolved": "https://gizaartifactory.jfrog.io/gizaartifactory/api/npm/npm-release/domutils/-/domutils-1.7.0.tgz",
      "integrity": "sha1-Vuo0HoNOBuZ0ivehyyXaZ+qfjCo=",
      "requires": {
        "dom-serializer": "0",
        "domelementtype": "1"
      }
    },
    "ee-first": {
      "version": "1.1.1",
      "resolved": "https://gizaartifactory.jfrog.io/gizaartifactory/api/npm/npm-release/ee-first/-/ee-first-1.1.1.tgz",
      "integrity": "sha1-WQxhFWsK4vTwJVcyoViyZrxWsh0="
    },
    "emojis-list": {
      "version": "2.1.0",
      "resolved": "https://gizaartifactory.jfrog.io/gizaartifactory/api/npm/npm-release/emojis-list/-/emojis-list-2.1.0.tgz",
      "integrity": "sha1-TapNnbAPmBmIDHn6RXrlsJof04k="
    },
    "encodeurl": {
      "version": "1.0.2",
      "resolved": "https://gizaartifactory.jfrog.io/gizaartifactory/api/npm/npm-release/encodeurl/-/encodeurl-1.0.2.tgz",
      "integrity": "sha1-rT/0yG7C0CkyL1oCw6mmBslbP1k="
    },
    "encoding": {
      "version": "0.1.12",
      "resolved": "https://gizaartifactory.jfrog.io/gizaartifactory/api/npm/npm-release/encoding/-/encoding-0.1.12.tgz",
      "integrity": "sha1-U4tm8+5izRq1HsMjgp0flIDHS+s=",
      "requires": {
        "iconv-lite": "~0.4.13"
      }
    },
    "entities": {
      "version": "1.1.2",
      "resolved": "https://gizaartifactory.jfrog.io/gizaartifactory/api/npm/npm-release/entities/-/entities-1.1.2.tgz",
      "integrity": "sha1-vfpzUplmTfr9NFKe1PhSKidf6lY="
    },
    "escape-html": {
      "version": "1.0.3",
      "resolved": "https://gizaartifactory.jfrog.io/gizaartifactory/api/npm/npm-release/escape-html/-/escape-html-1.0.3.tgz",
      "integrity": "sha1-Aljq5NPQwJdN4cFpGI7wBR0dGYg="
    },
    "etag": {
      "version": "1.8.1",
      "resolved": "https://gizaartifactory.jfrog.io/gizaartifactory/api/npm/npm-release/etag/-/etag-1.8.1.tgz",
      "integrity": "sha1-Qa4u62XvpiJorr/qg6x9eSmbCIc="
    },
    "explorer-jes": {
      "version": "0.0.1",
      "resolved": "https://gizaartifactory.jfrog.io/gizaartifactory/api/npm/npm-release/explorer-jes/-/explorer-jes-0.0.1.tgz",
      "integrity": "sha1-NgLAtHTOwQUoe9IUPAvEQhpp8ow=",
      "requires": {
        "babel-polyfill": "^6.16.0",
        "file-loader": "^0.11.2",
        "immutable": "^3.8.1",
        "material-ui": "^0.18.2",
        "orion-editor-component": "0.0.8",
        "prop-types": "^15.5.10",
        "react": "^15.4.0",
        "react-contextmenu": "^2.6.1",
        "react-dom": "^15.4.0",
        "react-redux": "^5.0.5",
        "react-router": "^3.0.5",
        "react-tap-event-plugin": "^2.0.0",
        "react-tooltip": "^3.3.0",
        "redux": "^3.5.2",
        "redux-immutable": "^4.0.0",
        "redux-logger": "^3.0.6",
        "redux-thunk": "^2.1.0",
        "url-loader": "^0.5.7",
        "whatwg-fetch": "^2.0.3"
      }
    },
    "express": {
      "version": "4.16.4",
      "resolved": "https://gizaartifactory.jfrog.io/gizaartifactory/api/npm/npm-release/express/-/express-4.16.4.tgz",
      "integrity": "sha1-/d72GSYQniTFFeqX/S8b2/Yt8S4=",
      "requires": {
        "accepts": "~1.3.5",
        "array-flatten": "1.1.1",
        "body-parser": "1.18.3",
        "content-disposition": "0.5.2",
        "content-type": "~1.0.4",
        "cookie": "0.3.1",
        "cookie-signature": "1.0.6",
        "debug": "2.6.9",
        "depd": "~1.1.2",
        "encodeurl": "~1.0.2",
        "escape-html": "~1.0.3",
        "etag": "~1.8.1",
        "finalhandler": "1.1.1",
        "fresh": "0.5.2",
        "merge-descriptors": "1.0.1",
        "methods": "~1.1.2",
        "on-finished": "~2.3.0",
        "parseurl": "~1.3.2",
        "path-to-regexp": "0.1.7",
        "proxy-addr": "~2.0.4",
        "qs": "6.5.2",
        "range-parser": "~1.2.0",
        "safe-buffer": "5.1.2",
        "send": "0.16.2",
        "serve-static": "1.13.2",
        "setprototypeof": "1.1.0",
        "statuses": "~1.4.0",
        "type-is": "~1.6.16",
        "utils-merge": "1.0.1",
        "vary": "~1.1.2"
      }
    },
    "fbjs": {
      "version": "0.8.17",
      "resolved": "https://gizaartifactory.jfrog.io/gizaartifactory/api/npm/npm-release/fbjs/-/fbjs-0.8.17.tgz",
      "integrity": "sha1-xNWY6taUkRJlPWWIsBpc3Nn5D90=",
      "requires": {
        "core-js": "^1.0.0",
        "isomorphic-fetch": "^2.1.1",
        "loose-envify": "^1.0.0",
        "object-assign": "^4.1.0",
        "promise": "^7.1.1",
        "setimmediate": "^1.0.5",
        "ua-parser-js": "^0.7.18"
      },
      "dependencies": {
        "core-js": {
          "version": "1.2.7",
          "resolved": "https://gizaartifactory.jfrog.io/gizaartifactory/api/npm/npm-release/core-js/-/core-js-1.2.7.tgz",
          "integrity": "sha1-ZSKUwUZR2yj6k70tX/KYOk8IxjY="
        }
      }
    },
    "file-loader": {
      "version": "0.11.2",
      "resolved": "https://gizaartifactory.jfrog.io/gizaartifactory/api/npm/npm-release/file-loader/-/file-loader-0.11.2.tgz",
      "integrity": "sha1-T/HfKK84cZpgmAk7iMgscdF5SjQ=",
      "requires": {
        "loader-utils": "^1.0.2"
      }
    },
    "finalhandler": {
      "version": "1.1.1",
      "resolved": "https://gizaartifactory.jfrog.io/gizaartifactory/api/npm/npm-release/finalhandler/-/finalhandler-1.1.1.tgz",
      "integrity": "sha1-7r9O2EAHnIP0JJA4ydcDAIMBsQU=",
      "requires": {
        "debug": "2.6.9",
        "encodeurl": "~1.0.2",
        "escape-html": "~1.0.3",
        "on-finished": "~2.3.0",
        "parseurl": "~1.3.2",
        "statuses": "~1.4.0",
        "unpipe": "~1.0.0"
      }
    },
    "forwarded": {
      "version": "0.1.2",
      "resolved": "https://gizaartifactory.jfrog.io/gizaartifactory/api/npm/npm-release/forwarded/-/forwarded-0.1.2.tgz",
      "integrity": "sha1-mMI9qxF1ZXuMBXPozszZGw/xjIQ="
    },
    "fresh": {
      "version": "0.5.2",
      "resolved": "https://gizaartifactory.jfrog.io/gizaartifactory/api/npm/npm-release/fresh/-/fresh-0.5.2.tgz",
      "integrity": "sha1-PYyt2Q2XZWn6g1qx+OSyOhBWBac="
    },
    "history": {
      "version": "3.3.0",
      "resolved": "https://gizaartifactory.jfrog.io/gizaartifactory/api/npm/npm-release/history/-/history-3.3.0.tgz",
      "integrity": "sha1-/O3M6PEpdTcVRdc1RhAzV5ptrpw=",
      "requires": {
        "invariant": "^2.2.1",
        "loose-envify": "^1.2.0",
        "query-string": "^4.2.2",
        "warning": "^3.0.0"
      }
    },
    "hoist-non-react-statics": {
      "version": "1.2.0",
      "resolved": "https://gizaartifactory.jfrog.io/gizaartifactory/api/npm/npm-release/hoist-non-react-statics/-/hoist-non-react-statics-1.2.0.tgz",
      "integrity": "sha1-qkSM8JhtVcxAdzsXF0t90GbLfPs="
    },
    "htmlparser2": {
      "version": "3.10.0",
      "resolved": "https://gizaartifactory.jfrog.io/gizaartifactory/api/npm/npm-release/htmlparser2/-/htmlparser2-3.10.0.tgz",
      "integrity": "sha1-X15CLc9hGcDZg+02Jgzp3tC+5GQ=",
      "requires": {
        "domelementtype": "^1.3.0",
        "domhandler": "^2.3.0",
        "domutils": "^1.5.1",
        "entities": "^1.1.1",
        "inherits": "^2.0.1",
        "readable-stream": "^3.0.6"
      }
    },
    "http-errors": {
      "version": "1.6.3",
      "resolved": "https://gizaartifactory.jfrog.io/gizaartifactory/api/npm/npm-release/http-errors/-/http-errors-1.6.3.tgz",
      "integrity": "sha1-i1VoC7S+KDoLW/TqLjhYC+HZMg0=",
      "requires": {
        "depd": "~1.1.2",
        "inherits": "2.0.3",
        "setprototypeof": "1.1.0",
        "statuses": ">= 1.4.0 < 2"
      }
    },
    "hyphenate-style-name": {
      "version": "1.0.2",
      "resolved": "https://gizaartifactory.jfrog.io/gizaartifactory/api/npm/npm-release/hyphenate-style-name/-/hyphenate-style-name-1.0.2.tgz",
      "integrity": "sha1-MRYKNpMK2vH8BMYHT360FGXU7Es="
    },
    "iconv-lite": {
      "version": "0.4.23",
      "resolved": "https://gizaartifactory.jfrog.io/gizaartifactory/api/npm/npm-release/iconv-lite/-/iconv-lite-0.4.23.tgz",
      "integrity": "sha1-KXhx9jvlB63Pv8pxXQzQ7thOmmM=",
      "requires": {
        "safer-buffer": ">= 2.1.2 < 3"
      }
    },
    "immutable": {
      "version": "3.8.2",
      "resolved": "https://gizaartifactory.jfrog.io/gizaartifactory/api/npm/npm-release/immutable/-/immutable-3.8.2.tgz",
      "integrity": "sha1-wkOZUUVbs5kT2vKBN28VMOEErfM="
    },
    "inherits": {
      "version": "2.0.3",
      "resolved": "https://gizaartifactory.jfrog.io/gizaartifactory/api/npm/npm-release/inherits/-/inherits-2.0.3.tgz",
      "integrity": "sha1-Yzwsg+PaQqUC9SRmAiSA9CCCYd4="
    },
    "inline-style-prefixer": {
      "version": "3.0.8",
      "resolved": "https://gizaartifactory.jfrog.io/gizaartifactory/api/npm/npm-release/inline-style-prefixer/-/inline-style-prefixer-3.0.8.tgz",
      "integrity": "sha1-hVG45bTVcyROZqNLBPfTIHaitTQ=",
      "requires": {
        "bowser": "^1.7.3",
        "css-in-js-utils": "^2.0.0"
      }
    },
    "invariant": {
      "version": "2.2.4",
      "resolved": "https://gizaartifactory.jfrog.io/gizaartifactory/api/npm/npm-release/invariant/-/invariant-2.2.4.tgz",
      "integrity": "sha1-YQ88ksk1nOHbYW5TgAjSP/NRWOY=",
      "requires": {
        "loose-envify": "^1.0.0"
      }
    },
    "ipaddr.js": {
      "version": "1.8.0",
      "resolved": "https://gizaartifactory.jfrog.io/gizaartifactory/api/npm/npm-release/ipaddr.js/-/ipaddr.js-1.8.0.tgz",
      "integrity": "sha1-6qM9bd16zo9/b+DJygRA5wZzix4="
    },
    "is-stream": {
      "version": "1.1.0",
      "resolved": "https://gizaartifactory.jfrog.io/gizaartifactory/api/npm/npm-release/is-stream/-/is-stream-1.1.0.tgz",
      "integrity": "sha1-EtSj3U5o4Lec6428hBc66A2RykQ="
    },
    "isobject": {
      "version": "3.0.1",
      "resolved": "https://gizaartifactory.jfrog.io/gizaartifactory/api/npm/npm-release/isobject/-/isobject-3.0.1.tgz",
      "integrity": "sha1-TkMekrEalzFjaqH5yNHMvP2reN8="
    },
    "isomorphic-fetch": {
      "version": "2.2.1",
      "resolved": "https://gizaartifactory.jfrog.io/gizaartifactory/api/npm/npm-release/isomorphic-fetch/-/isomorphic-fetch-2.2.1.tgz",
      "integrity": "sha1-YRrhrPFPXoH3KVB0coGf6XM1WKk=",
      "requires": {
        "node-fetch": "^1.0.1",
        "whatwg-fetch": ">=0.10.0"
      }
    },
    "js-tokens": {
      "version": "4.0.0",
      "resolved": "https://gizaartifactory.jfrog.io/gizaartifactory/api/npm/npm-release/js-tokens/-/js-tokens-4.0.0.tgz",
      "integrity": "sha1-GSA/tZmR35jjoocFDUZHzerzJJk="
    },
    "json5": {
      "version": "0.5.1",
      "resolved": "https://gizaartifactory.jfrog.io/gizaartifactory/api/npm/npm-release/json5/-/json5-0.5.1.tgz",
      "integrity": "sha1-Hq3nrMASA0rYTiOWdn6tn6VJWCE="
    },
    "keycode": {
      "version": "2.2.0",
      "resolved": "https://gizaartifactory.jfrog.io/gizaartifactory/api/npm/npm-release/keycode/-/keycode-2.2.0.tgz",
      "integrity": "sha1-PQr1bce4uOXLqNCpfxByBO7CKwQ="
    },
    "loader-utils": {
      "version": "1.1.0",
      "resolved": "https://gizaartifactory.jfrog.io/gizaartifactory/api/npm/npm-release/loader-utils/-/loader-utils-1.1.0.tgz",
      "integrity": "sha1-yYrvSIvM7aL/teLeZG1qdUQp9c0=",
      "requires": {
        "big.js": "^3.1.3",
        "emojis-list": "^2.0.0",
        "json5": "^0.5.0"
      }
    },
    "lodash": {
      "version": "4.17.11",
      "resolved": "https://gizaartifactory.jfrog.io/gizaartifactory/api/npm/npm-release/lodash/-/lodash-4.17.11.tgz",
      "integrity": "sha1-s56mIp72B+zYniyN8SU2iRysm40="
    },
    "lodash-es": {
      "version": "4.17.11",
      "resolved": "https://gizaartifactory.jfrog.io/gizaartifactory/api/npm/npm-release/lodash-es/-/lodash-es-4.17.11.tgz",
      "integrity": "sha1-FFq0p6xcXlKjUx+08xAlWhUrS+A="
    },
    "lodash.merge": {
      "version": "4.6.1",
      "resolved": "https://gizaartifactory.jfrog.io/gizaartifactory/api/npm/npm-release/lodash.merge/-/lodash.merge-4.6.1.tgz",
      "integrity": "sha1-rcJdnLmbk5HFliTzefu6YNcRHVQ="
    },
    "lodash.throttle": {
      "version": "4.1.1",
      "resolved": "https://gizaartifactory.jfrog.io/gizaartifactory/api/npm/npm-release/lodash.throttle/-/lodash.throttle-4.1.1.tgz",
      "integrity": "sha1-wj6RtxAkKscMN/HhzaknTMOb8vQ="
    },
    "loose-envify": {
      "version": "1.4.0",
      "resolved": "https://gizaartifactory.jfrog.io/gizaartifactory/api/npm/npm-release/loose-envify/-/loose-envify-1.4.0.tgz",
      "integrity": "sha1-ce5R+nvkyuwaY4OffmgtgTLTDK8=",
      "requires": {
        "js-tokens": "^3.0.0 || ^4.0.0"
      }
    },
    "material-ui": {
      "version": "0.18.7",
      "resolved": "https://gizaartifactory.jfrog.io/gizaartifactory/api/npm/npm-release/material-ui/-/material-ui-0.18.7.tgz",
      "integrity": "sha1-uHrxY1fmlms2wj1InrLtcHRtJfg=",
      "requires": {
        "babel-runtime": "^6.23.0",
        "inline-style-prefixer": "^3.0.2",
        "keycode": "^2.1.8",
        "lodash.merge": "^4.6.0",
        "lodash.throttle": "^4.1.1",
        "prop-types": "^15.5.7",
        "react-event-listener": "^0.4.5",
        "react-transition-group": "^1.1.2",
        "recompose": "0.24.0",
        "simple-assign": "^0.1.0",
        "warning": "^3.0.0"
      }
    },
    "media-typer": {
      "version": "0.3.0",
      "resolved": "https://gizaartifactory.jfrog.io/gizaartifactory/api/npm/npm-release/media-typer/-/media-typer-0.3.0.tgz",
      "integrity": "sha1-hxDXrwqmJvj/+hzgAWhUUmMlV0g="
    },
    "merge-descriptors": {
      "version": "1.0.1",
      "resolved": "https://gizaartifactory.jfrog.io/gizaartifactory/api/npm/npm-release/merge-descriptors/-/merge-descriptors-1.0.1.tgz",
      "integrity": "sha1-sAqqVW3YtEVoFQ7J0blT8/kMu2E="
    },
    "methods": {
      "version": "1.1.2",
      "resolved": "https://gizaartifactory.jfrog.io/gizaartifactory/api/npm/npm-release/methods/-/methods-1.1.2.tgz",
      "integrity": "sha1-VSmk1nZUE07cxSZmVoNbD4Ua/O4="
    },
    "mime": {
      "version": "1.4.1",
      "resolved": "https://gizaartifactory.jfrog.io/gizaartifactory/api/npm/npm-release/mime/-/mime-1.4.1.tgz",
      "integrity": "sha1-Eh+evEnjdm8xGnbh+hyAA8SwOqY="
    },
    "mime-db": {
      "version": "1.37.0",
      "resolved": "https://gizaartifactory.jfrog.io/gizaartifactory/api/npm/npm-release/mime-db/-/mime-db-1.37.0.tgz",
      "integrity": "sha1-C2oM5v2+lXbiXx8tL96IMNwK0Ng="
    },
    "mime-types": {
      "version": "2.1.21",
      "resolved": "https://gizaartifactory.jfrog.io/gizaartifactory/api/npm/npm-release/mime-types/-/mime-types-2.1.21.tgz",
      "integrity": "sha1-KJlaoey3cHQv5q5+WPkYHHRLP5Y=",
      "requires": {
        "mime-db": "~1.37.0"
      }
    },
    "ms": {
      "version": "2.0.0",
      "resolved": "https://gizaartifactory.jfrog.io/gizaartifactory/api/npm/npm-release/ms/-/ms-2.0.0.tgz",
      "integrity": "sha1-VgiurfwAvmwpAd9fmGF4jeDVl8g="
    },
    "negotiator": {
      "version": "0.6.1",
      "resolved": "https://gizaartifactory.jfrog.io/gizaartifactory/api/npm/npm-release/negotiator/-/negotiator-0.6.1.tgz",
      "integrity": "sha1-KzJxhOiZIQEXeyhWP7XnECrNDKk="
    },
    "node-fetch": {
      "version": "1.7.3",
      "resolved": "https://gizaartifactory.jfrog.io/gizaartifactory/api/npm/npm-release/node-fetch/-/node-fetch-1.7.3.tgz",
      "integrity": "sha1-mA9vcthSEaU0fGsrwYxbhMPrR+8=",
      "requires": {
        "encoding": "^0.1.11",
        "is-stream": "^1.0.1"
      }
    },
    "object-assign": {
      "version": "4.1.1",
      "resolved": "https://gizaartifactory.jfrog.io/gizaartifactory/api/npm/npm-release/object-assign/-/object-assign-4.1.1.tgz",
      "integrity": "sha1-IQmtx5ZYh8/AXLvUQsrIv7s2CGM="
    },
    "on-finished": {
      "version": "2.3.0",
      "resolved": "https://gizaartifactory.jfrog.io/gizaartifactory/api/npm/npm-release/on-finished/-/on-finished-2.3.0.tgz",
      "integrity": "sha1-IPEzZIGwg811M3mSoWlxqi2QaUc=",
      "requires": {
        "ee-first": "1.1.1"
      }
    },
    "orion-editor-component": {
      "version": "0.0.8",
      "resolved": "https://gizaartifactory.jfrog.io/gizaartifactory/api/npm/npm-release/orion-editor-component/-/orion-editor-component-0.0.8.tgz",
      "integrity": "sha1-mQfZyNG1x/pT+zLCLFdDQ57DNOk=",
      "requires": {
        "prop-types": "^15.5.10",
        "react": "^15.4.0",
        "react-dom": "^15.4.0"
      }
    },
    "parseurl": {
      "version": "1.3.2",
      "resolved": "https://gizaartifactory.jfrog.io/gizaartifactory/api/npm/npm-release/parseurl/-/parseurl-1.3.2.tgz",
      "integrity": "sha1-/CidTtiZMRlGDBViUyYs3I3mW/M="
    },
    "path-to-regexp": {
      "version": "0.1.7",
      "resolved": "https://gizaartifactory.jfrog.io/gizaartifactory/api/npm/npm-release/path-to-regexp/-/path-to-regexp-0.1.7.tgz",
      "integrity": "sha1-32BBeABfUi8V60SQ5yR6G/qmf4w="
    },
    "promise": {
      "version": "7.3.1",
      "resolved": "https://gizaartifactory.jfrog.io/gizaartifactory/api/npm/npm-release/promise/-/promise-7.3.1.tgz",
      "integrity": "sha1-BktyYCsY+Q8pGSuLG8QY/9Hr078=",
      "requires": {
        "asap": "~2.0.3"
      }
    },
    "prop-types": {
      "version": "15.6.2",
      "resolved": "https://gizaartifactory.jfrog.io/gizaartifactory/api/npm/npm-release/prop-types/-/prop-types-15.6.2.tgz",
      "integrity": "sha1-BdXKd7RFPphdYPx/+MhZCUpJcQI=",
      "requires": {
        "loose-envify": "^1.3.1",
        "object-assign": "^4.1.1"
      }
    },
    "proxy-addr": {
      "version": "2.0.4",
      "resolved": "https://gizaartifactory.jfrog.io/gizaartifactory/api/npm/npm-release/proxy-addr/-/proxy-addr-2.0.4.tgz",
      "integrity": "sha1-7PxzO/Iv+Mb0B/onUye5q2fki5M=",
      "requires": {
        "forwarded": "~0.1.2",
        "ipaddr.js": "1.8.0"
      }
    },
    "qs": {
      "version": "6.5.2",
      "resolved": "https://gizaartifactory.jfrog.io/gizaartifactory/api/npm/npm-release/qs/-/qs-6.5.2.tgz",
      "integrity": "sha1-yzroBuh0BERYTvFUzo7pjUA/PjY="
    },
    "query-string": {
      "version": "4.3.4",
      "resolved": "https://gizaartifactory.jfrog.io/gizaartifactory/api/npm/npm-release/query-string/-/query-string-4.3.4.tgz",
      "integrity": "sha1-u7aTucqRXCMlFbIosaArYJBD2+s=",
      "requires": {
        "object-assign": "^4.1.0",
        "strict-uri-encode": "^1.0.0"
      }
    },
    "range-parser": {
      "version": "1.2.0",
      "resolved": "https://gizaartifactory.jfrog.io/gizaartifactory/api/npm/npm-release/range-parser/-/range-parser-1.2.0.tgz",
      "integrity": "sha1-9JvmtIeJTdxA3MlKMi9hEJLgDV4="
    },
    "raw-body": {
      "version": "2.3.3",
      "resolved": "https://gizaartifactory.jfrog.io/gizaartifactory/api/npm/npm-release/raw-body/-/raw-body-2.3.3.tgz",
      "integrity": "sha1-GzJOzmtXBuFThVvBFIxlu39uoMM=",
      "requires": {
        "bytes": "3.0.0",
        "http-errors": "1.6.3",
        "iconv-lite": "0.4.23",
        "unpipe": "1.0.0"
      }
    },
    "react": {
      "version": "15.6.2",
      "resolved": "https://gizaartifactory.jfrog.io/gizaartifactory/api/npm/npm-release/react/-/react-15.6.2.tgz",
      "integrity": "sha1-26BDSrQ5z+gvEI8PURZjkIF5qnI=",
      "requires": {
        "create-react-class": "^15.6.0",
        "fbjs": "^0.8.9",
        "loose-envify": "^1.1.0",
        "object-assign": "^4.1.0",
        "prop-types": "^15.5.10"
      }
    },
    "react-contextmenu": {
      "version": "2.10.0",
      "resolved": "https://gizaartifactory.jfrog.io/gizaartifactory/api/npm/npm-release/react-contextmenu/-/react-contextmenu-2.10.0.tgz",
      "integrity": "sha1-OlM4pVKWTbhcMABy9xm8H2uWmDg=",
      "requires": {
        "classnames": "^2.2.5",
        "object-assign": "^4.1.0"
      }
    },
    "react-dom": {
      "version": "15.6.2",
      "resolved": "https://gizaartifactory.jfrog.io/gizaartifactory/api/npm/npm-release/react-dom/-/react-dom-15.6.2.tgz",
      "integrity": "sha1-Qc+t9pO3V/rycIRDodH9WgK+9zA=",
      "requires": {
        "fbjs": "^0.8.9",
        "loose-envify": "^1.1.0",
        "object-assign": "^4.1.0",
        "prop-types": "^15.5.10"
      }
    },
    "react-event-listener": {
      "version": "0.4.5",
      "resolved": "https://gizaartifactory.jfrog.io/gizaartifactory/api/npm/npm-release/react-event-listener/-/react-event-listener-0.4.5.tgz",
      "integrity": "sha1-4+iVoJcM8U7o+JAROvaBl6vz0LE=",
      "requires": {
        "babel-runtime": "^6.20.0",
        "fbjs": "^0.8.4",
        "prop-types": "^15.5.4",
        "warning": "^3.0.0"
      }
    },
    "react-is": {
      "version": "16.6.3",
      "resolved": "https://gizaartifactory.jfrog.io/gizaartifactory/api/npm/npm-release/react-is/-/react-is-16.6.3.tgz",
      "integrity": "sha1-0tdGL8/L5uwNpWrWkEfkflbn6sA="
    },
    "react-lifecycles-compat": {
      "version": "3.0.4",
      "resolved": "https://gizaartifactory.jfrog.io/gizaartifactory/api/npm/npm-release/react-lifecycles-compat/-/react-lifecycles-compat-3.0.4.tgz",
      "integrity": "sha1-TxonOv38jzSIqMUWv9p4+HI1I2I="
    },
    "react-redux": {
      "version": "5.1.1",
      "resolved": "https://gizaartifactory.jfrog.io/gizaartifactory/api/npm/npm-release/react-redux/-/react-redux-5.1.1.tgz",
      "integrity": "sha1-iONoaCx/qA404FXNesVvWTaw9S8=",
      "requires": {
        "@babel/runtime": "^7.1.2",
        "hoist-non-react-statics": "^3.1.0",
        "invariant": "^2.2.4",
        "loose-envify": "^1.1.0",
        "prop-types": "^15.6.1",
        "react-is": "^16.6.0",
        "react-lifecycles-compat": "^3.0.0"
      },
      "dependencies": {
        "hoist-non-react-statics": {
          "version": "3.2.1",
          "resolved": "https://gizaartifactory.jfrog.io/gizaartifactory/api/npm/npm-release/hoist-non-react-statics/-/hoist-non-react-statics-3.2.1.tgz",
          "integrity": "sha1-wJwFVchLOKft5pErYe/dr9bnXh4=",
          "requires": {
            "react-is": "^16.3.2"
          }
        }
      }
    },
    "react-router": {
      "version": "3.2.1",
      "resolved": "https://gizaartifactory.jfrog.io/gizaartifactory/api/npm/npm-release/react-router/-/react-router-3.2.1.tgz",
      "integrity": "sha1-uaMnmWK9++aEyL0Egrge8ojw8kQ=",
      "requires": {
        "create-react-class": "^15.5.1",
        "history": "^3.0.0",
        "hoist-non-react-statics": "^2.3.1",
        "invariant": "^2.2.1",
        "loose-envify": "^1.2.0",
        "prop-types": "^15.5.6",
        "warning": "^3.0.0"
      },
      "dependencies": {
        "hoist-non-react-statics": {
          "version": "2.5.5",
          "resolved": "https://gizaartifactory.jfrog.io/gizaartifactory/api/npm/npm-release/hoist-non-react-statics/-/hoist-non-react-statics-2.5.5.tgz",
          "integrity": "sha1-xZA89AnA39kI84jmGdhrnBF0y0c="
        }
      }
    },
    "react-tap-event-plugin": {
      "version": "2.0.1",
      "resolved": "https://gizaartifactory.jfrog.io/gizaartifactory/api/npm/npm-release/react-tap-event-plugin/-/react-tap-event-plugin-2.0.1.tgz",
      "integrity": "sha1-MWvrO8ZVbinshppyk+icgmqQdNI=",
      "requires": {
        "fbjs": "^0.8.6"
      }
    },
    "react-tooltip": {
      "version": "3.9.0",
      "resolved": "https://gizaartifactory.jfrog.io/gizaartifactory/api/npm/npm-release/react-tooltip/-/react-tooltip-3.9.0.tgz",
      "integrity": "sha1-2HTfkiw7NLLlR+xi/4su70IBe1E=",
      "requires": {
        "classnames": "^2.2.5",
        "prop-types": "^15.6.0",
        "sanitize-html-react": "^1.13.0"
      }
    },
    "react-transition-group": {
      "version": "1.2.1",
      "resolved": "https://gizaartifactory.jfrog.io/gizaartifactory/api/npm/npm-release/react-transition-group/-/react-transition-group-1.2.1.tgz",
      "integrity": "sha1-4R9yslf5IbITIpp3TfRmEjRsfKY=",
      "requires": {
        "chain-function": "^1.0.0",
        "dom-helpers": "^3.2.0",
        "loose-envify": "^1.3.1",
        "prop-types": "^15.5.6",
        "warning": "^3.0.0"
      }
    },
    "readable-stream": {
      "version": "3.0.6",
      "resolved": "https://gizaartifactory.jfrog.io/gizaartifactory/api/npm/npm-release/readable-stream/-/readable-stream-3.0.6.tgz",
      "integrity": "sha1-NRMC5MaLWr1qLtVTdqf5olvjBXo=",
      "requires": {
        "inherits": "^2.0.3",
        "string_decoder": "^1.1.1",
        "util-deprecate": "^1.0.1"
      }
    },
    "recompose": {
      "version": "0.24.0",
      "resolved": "https://gizaartifactory.jfrog.io/gizaartifactory/api/npm/npm-release/recompose/-/recompose-0.24.0.tgz",
      "integrity": "sha1-Ji6T+XRDnrF+d3mCTYjM6QSSpd0=",
      "requires": {
        "change-emitter": "^0.1.2",
        "fbjs": "^0.8.1",
        "hoist-non-react-statics": "^1.0.0",
        "symbol-observable": "^1.0.4"
      }
    },
    "redux": {
      "version": "3.7.2",
      "resolved": "https://gizaartifactory.jfrog.io/gizaartifactory/api/npm/npm-release/redux/-/redux-3.7.2.tgz",
      "integrity": "sha1-BrcxIyFZAdJdBlvjQusCa8HIU3s=",
      "requires": {
        "lodash": "^4.2.1",
        "lodash-es": "^4.2.1",
        "loose-envify": "^1.1.0",
        "symbol-observable": "^1.0.3"
      }
    },
    "redux-immutable": {
      "version": "4.0.0",
      "resolved": "https://gizaartifactory.jfrog.io/gizaartifactory/api/npm/npm-release/redux-immutable/-/redux-immutable-4.0.0.tgz",
      "integrity": "sha1-Ohoy32Y2ZGK2NpHw4dw15HK7yfM="
    },
    "redux-logger": {
      "version": "3.0.6",
      "resolved": "https://gizaartifactory.jfrog.io/gizaartifactory/api/npm/npm-release/redux-logger/-/redux-logger-3.0.6.tgz",
      "integrity": "sha1-91VZZvMJjzyIYExEnPC69XeCdL8=",
      "requires": {
        "deep-diff": "^0.3.5"
      }
    },
    "redux-thunk": {
      "version": "2.3.0",
      "resolved": "https://gizaartifactory.jfrog.io/gizaartifactory/api/npm/npm-release/redux-thunk/-/redux-thunk-2.3.0.tgz",
      "integrity": "sha1-UcLBmhhe1Rh6qpotCLZm0NZGdiI="
    },
    "regenerator-runtime": {
      "version": "0.10.5",
      "resolved": "https://gizaartifactory.jfrog.io/gizaartifactory/api/npm/npm-release/regenerator-runtime/-/regenerator-runtime-0.10.5.tgz",
      "integrity": "sha1-M2w+/BIgrc7dosn6tntaeVWjNlg="
    },
    "regexp-quote": {
      "version": "0.0.0",
      "resolved": "https://gizaartifactory.jfrog.io/gizaartifactory/api/npm/npm-release/regexp-quote/-/regexp-quote-0.0.0.tgz",
      "integrity": "sha1-Hg9GUMhi3L/tVP1CsUjpuxch/PI="
    },
    "safe-buffer": {
      "version": "5.1.2",
      "resolved": "https://gizaartifactory.jfrog.io/gizaartifactory/api/npm/npm-release/safe-buffer/-/safe-buffer-5.1.2.tgz",
      "integrity": "sha1-mR7GnSluAxN0fVm9/St0XDX4go0="
    },
    "safer-buffer": {
      "version": "2.1.2",
      "resolved": "https://gizaartifactory.jfrog.io/gizaartifactory/api/npm/npm-release/safer-buffer/-/safer-buffer-2.1.2.tgz",
      "integrity": "sha1-RPoWGwGHuVSd2Eu5GAL5vYOFzWo="
    },
    "sanitize-html-react": {
      "version": "1.13.0",
      "resolved": "https://gizaartifactory.jfrog.io/gizaartifactory/api/npm/npm-release/sanitize-html-react/-/sanitize-html-react-1.13.0.tgz",
      "integrity": "sha1-51e5rbryyKdi89Lf9wE4g44FQgo=",
      "requires": {
        "htmlparser2": "^3.9.0",
        "regexp-quote": "0.0.0",
        "xtend": "^4.0.0"
      }
    },
    "send": {
      "version": "0.16.2",
      "resolved": "https://gizaartifactory.jfrog.io/gizaartifactory/api/npm/npm-release/send/-/send-0.16.2.tgz",
      "integrity": "sha1-bsyh4PjBVtFBWXVZhI32RzCmu8E=",
      "requires": {
        "debug": "2.6.9",
        "depd": "~1.1.2",
        "destroy": "~1.0.4",
        "encodeurl": "~1.0.2",
        "escape-html": "~1.0.3",
        "etag": "~1.8.1",
        "fresh": "0.5.2",
        "http-errors": "~1.6.2",
        "mime": "1.4.1",
        "ms": "2.0.0",
        "on-finished": "~2.3.0",
        "range-parser": "~1.2.0",
        "statuses": "~1.4.0"
      }
    },
    "serve-static": {
      "version": "1.13.2",
      "resolved": "https://gizaartifactory.jfrog.io/gizaartifactory/api/npm/npm-release/serve-static/-/serve-static-1.13.2.tgz",
      "integrity": "sha1-CV6Ecv1bRiN9tQzkhqQ/S4bGzsE=",
      "requires": {
        "encodeurl": "~1.0.2",
        "escape-html": "~1.0.3",
        "parseurl": "~1.3.2",
        "send": "0.16.2"
      }
    },
    "setimmediate": {
      "version": "1.0.5",
      "resolved": "https://gizaartifactory.jfrog.io/gizaartifactory/api/npm/npm-release/setimmediate/-/setimmediate-1.0.5.tgz",
      "integrity": "sha1-KQy7Iy4waULX1+qbg3Mqt4VvgoU="
    },
    "setprototypeof": {
      "version": "1.1.0",
      "resolved": "https://gizaartifactory.jfrog.io/gizaartifactory/api/npm/npm-release/setprototypeof/-/setprototypeof-1.1.0.tgz",
      "integrity": "sha1-0L2FU2iHtv58DYGMuWLZ2RxU5lY="
    },
    "simple-assign": {
      "version": "0.1.0",
      "resolved": "https://gizaartifactory.jfrog.io/gizaartifactory/api/npm/npm-release/simple-assign/-/simple-assign-0.1.0.tgz",
      "integrity": "sha1-F/0wZqXz13OPUDIbsPFMooHMS6o="
    },
    "statuses": {
      "version": "1.4.0",
      "resolved": "https://gizaartifactory.jfrog.io/gizaartifactory/api/npm/npm-release/statuses/-/statuses-1.4.0.tgz",
      "integrity": "sha1-u3PURtonlhBu/MG2AaJT1sRr0Ic="
    },
    "strict-uri-encode": {
      "version": "1.1.0",
      "resolved": "https://gizaartifactory.jfrog.io/gizaartifactory/api/npm/npm-release/strict-uri-encode/-/strict-uri-encode-1.1.0.tgz",
      "integrity": "sha1-J5siXfHVgrH1TmWt3UNS4Y+qBxM="
    },
    "string_decoder": {
      "version": "1.2.0",
      "resolved": "https://gizaartifactory.jfrog.io/gizaartifactory/api/npm/npm-release/string_decoder/-/string_decoder-1.2.0.tgz",
      "integrity": "sha1-/obnOLGVRK/nBGkkOyoe6SQOro0=",
      "requires": {
        "safe-buffer": "~5.1.0"
      }
    },
    "symbol-observable": {
      "version": "1.2.0",
      "resolved": "https://gizaartifactory.jfrog.io/gizaartifactory/api/npm/npm-release/symbol-observable/-/symbol-observable-1.2.0.tgz",
      "integrity": "sha1-wiaIrtTqs83C3+rLtWFmBWCgCAQ="
    },
    "type-is": {
      "version": "1.6.16",
      "resolved": "https://gizaartifactory.jfrog.io/gizaartifactory/api/npm/npm-release/type-is/-/type-is-1.6.16.tgz",
      "integrity": "sha1-+JzjQVQcZysl7nrjxz3uOyvlAZQ=",
      "requires": {
        "media-typer": "0.3.0",
        "mime-types": "~2.1.18"
      }
    },
    "ua-parser-js": {
      "version": "0.7.19",
      "resolved": "https://gizaartifactory.jfrog.io/gizaartifactory/api/npm/npm-release/ua-parser-js/-/ua-parser-js-0.7.19.tgz",
      "integrity": "sha1-lBUb5MCn+x0AGvcCL9rKRkJlnks="
    },
    "unpipe": {
      "version": "1.0.0",
      "resolved": "https://gizaartifactory.jfrog.io/gizaartifactory/api/npm/npm-release/unpipe/-/unpipe-1.0.0.tgz",
      "integrity": "sha1-sr9O6FFKrmFltIF4KdIbLvSZBOw="
    },
    "url-loader": {
      "version": "0.5.9",
      "resolved": "https://gizaartifactory.jfrog.io/gizaartifactory/api/npm/npm-release/url-loader/-/url-loader-0.5.9.tgz",
      "integrity": "sha1-zI/qgse5Bud3cBklCGnlaemVwpU=",
      "requires": {
        "loader-utils": "^1.0.2",
        "mime": "1.3.x"
      },
      "dependencies": {
        "mime": {
          "version": "1.3.6",
          "resolved": "https://gizaartifactory.jfrog.io/gizaartifactory/api/npm/npm-release/mime/-/mime-1.3.6.tgz",
          "integrity": "sha1-WR2E02U6awtKO5343lqoEI5y5eA="
        }
      }
    },
    "util-deprecate": {
      "version": "1.0.2",
      "resolved": "https://gizaartifactory.jfrog.io/gizaartifactory/api/npm/npm-release/util-deprecate/-/util-deprecate-1.0.2.tgz",
      "integrity": "sha1-RQ1Nyfpw3nMnYvvS1KKJgUGaDM8="
    },
    "utils-merge": {
      "version": "1.0.1",
      "resolved": "https://gizaartifactory.jfrog.io/gizaartifactory/api/npm/npm-release/utils-merge/-/utils-merge-1.0.1.tgz",
      "integrity": "sha1-n5VxD1CiZ5R7LMwSR0HBAoQn5xM="
    },
    "vary": {
      "version": "1.1.2",
      "resolved": "https://gizaartifactory.jfrog.io/gizaartifactory/api/npm/npm-release/vary/-/vary-1.1.2.tgz",
      "integrity": "sha1-IpnwLG3tMNSllhsLn3RSShj2NPw="
    },
    "warning": {
      "version": "3.0.0",
      "resolved": "https://gizaartifactory.jfrog.io/gizaartifactory/api/npm/npm-release/warning/-/warning-3.0.0.tgz",
      "integrity": "sha1-MuU3fLVy3kqwR1O9+IIcAe1gW3w=",
      "requires": {
        "loose-envify": "^1.0.0"
      }
    },
    "whatwg-fetch": {
      "version": "2.0.4",
      "resolved": "https://gizaartifactory.jfrog.io/gizaartifactory/api/npm/npm-release/whatwg-fetch/-/whatwg-fetch-2.0.4.tgz",
      "integrity": "sha1-3eal3zFfnTmZGqF2IYU9cguFVm8="
    },
    "xtend": {
      "version": "4.0.1",
      "resolved": "https://gizaartifactory.jfrog.io/gizaartifactory/api/npm/npm-release/xtend/-/xtend-4.0.1.tgz",
      "integrity": "sha1-pcbVMr5lbiPbgg77lDofBJmNY68="
    }
  }
}
